
Microsoft Visual Studio Solution File, Format Version 12.00
# Visual Studio 15
VisualStudioVersion = 15.0.27130.2024
MinimumVisualStudioVersion = 10.0.40219.1
Project("{8BC9CEB8-8B4A-11D0-8D11-00A0C91BC942}") = "x64_tutorial", "x64_tutorial\x64_tutorial.vcxproj", "{74013287-2370-418B-AF12-E0373784105C}"
EndProject
Global
	GlobalSection(SolutionConfigurationPlatforms) = preSolution
		Debug|x64 = Debug|x64
		Debug|x86 = Debug|x86
		Release|x64 = Release|x64
		Release|x86 = Release|x86
	EndGlobalSection
	GlobalSection(ProjectConfigurationPlatforms) = postSolution
		{74013287-2370-418B-AF12-E0373784105C}.Debug|x64.ActiveCfg = Debug|x64
		{74013287-2370-418B-AF12-E0373784105C}.Debug|x64.Build.0 = Debug|x64
		{74013287-2370-418B-AF12-E0373784105C}.Debug|x86.ActiveCfg = Debug|Win32
		{74013287-2370-418B-AF12-E0373784105C}.Debug|x86.Build.0 = Debug|Win32
		{74013287-2370-418B-AF12-E0373784105C}.Release|x64.ActiveCfg = Release|x64
		{74013287-2370-418B-AF12-E0373784105C}.Release|x64.Build.0 = Release|x64
		{74013287-2370-418B-AF12-E0373784105C}.Release|x86.ActiveCfg = Release|Win32
		{74013287-2370-418B-AF12-E0373784105C}.Release|x86.Build.0 = Release|Win32
	EndGlobalSection
	GlobalSection(SolutionProperties) = preSolution
		HideSolutionNode = FALSE
	EndGlobalSection
	GlobalSection(ExtensibilityGlobals) = postSolution
		SolutionGuid = {EA46CF15-374F-4968-8661-43EEBB18A3FF}
	EndGlobalSection
EndGlobal
